// !$*UTF8*$!
{
	archiveVersion = 1;
	classes = {
	};
	objectVersion = 56;
	objects = {

/* Begin PBXBuildFile section */
		D7579FC229AFEAD000399BCB /* ViewControllerMain.swift in Sources */ = {isa = PBXBuildFile; fileRef = D7579FC129AFEAD000399BCB /* ViewControllerMain.swift */; };
		D7579FCC29B031E500399BCB /* Freeware License.txt in Resources */ = {isa = PBXBuildFile; fileRef = D7579FC429B031E500399BCB /* Freeware License.txt */; };
		D7579FCD29B031E600399BCB /* Aganè 45 (light).ttf in Resources */ = {isa = PBXBuildFile; fileRef = D7579FC529B031E500399BCB /* Aganè 45 (light).ttf */; };
		D7579FCE29B031E600399BCB /* Aganè 75 (Extra Bold) sign.ttf in Resources */ = {isa = PBXBuildFile; fileRef = D7579FC629B031E500399BCB /* Aganè 75 (Extra Bold) sign.ttf */; };
		D7579FCF29B031E600399BCB /* Aganè 65 (Bold).ttf in Resources */ = {isa = PBXBuildFile; fileRef = D7579FC729B031E500399BCB /* Aganè 65 (Bold).ttf */; };
		D7579FD029B031E600399BCB /* Aganè 65 (Bold) sign.ttf in Resources */ = {isa = PBXBuildFile; fileRef = D7579FC829B031E500399BCB /* Aganè 65 (Bold) sign.ttf */; };
		D7579FD129B031E600399BCB /* Aganè 55 (roman).ttf in Resources */ = {isa = PBXBuildFile; fileRef = D7579FC929B031E500399BCB /* Aganè 55 (roman).ttf */; };
		D7579FD229B031E600399BCB /* Aganè 55 (roman) sign.ttf in Resources */ = {isa = PBXBuildFile; fileRef = D7579FCA29B031E500399BCB /* Aganè 55 (roman) sign.ttf */; };
		D7579FD329B031E600399BCB /* Aganè 75 (Extra Bold).ttf in Resources */ = {isa = PBXBuildFile; fileRef = D7579FCB29B031E500399BCB /* Aganè 75 (Extra Bold).ttf */; };
		D7AA92D32981FE4500FCE383 /* AppDelegate.swift in Sources */ = {isa = PBXBuildFile; fileRef = D7AA92D22981FE4500FCE383 /* AppDelegate.swift */; };
		D7AA92D52981FE4500FCE383 /* SceneDelegate.swift in Sources */ = {isa = PBXBuildFile; fileRef = D7AA92D42981FE4500FCE383 /* SceneDelegate.swift */; };
		D7AA92D72981FE4500FCE383 /* ViewController.swift in Sources */ = {isa = PBXBuildFile; fileRef = D7AA92D62981FE4500FCE383 /* ViewController.swift */; };
		D7AA92DA2981FE4500FCE383 /* Main.storyboard in Resources */ = {isa = PBXBuildFile; fileRef = D7AA92D82981FE4500FCE383 /* Main.storyboard */; };
		D7AA92DC2981FE4700FCE383 /* Assets.xcassets in Resources */ = {isa = PBXBuildFile; fileRef = D7AA92DB2981FE4700FCE383 /* Assets.xcassets */; };
		D7AA92DF2981FE4700FCE383 /* LaunchScreen.storyboard in Resources */ = {isa = PBXBuildFile; fileRef = D7AA92DD2981FE4700FCE383 /* LaunchScreen.storyboard */; };
/* End PBXBuildFile section */

/* Begin PBXFileReference section */
		D7579FC129AFEAD000399BCB /* ViewControllerMain.swift */ = {isa = PBXFileReference; lastKnownFileType = sourcecode.swift; path = ViewControllerMain.swift; sourceTree = "<group>"; };
		D7579FC429B031E500399BCB /* Freeware License.txt */ = {isa = PBXFileReference; fileEncoding = 4; lastKnownFileType = text; path = "Freeware License.txt"; sourceTree = "<group>"; };
		D7579FC529B031E500399BCB /* Aganè 45 (light).ttf */ = {isa = PBXFileReference; lastKnownFileType = file; path = "Aganè 45 (light).ttf"; sourceTree = "<group>"; };
		D7579FC629B031E500399BCB /* Aganè 75 (Extra Bold) sign.ttf */ = {isa = PBXFileReference; lastKnownFileType = file; path = "Aganè 75 (Extra Bold) sign.ttf"; sourceTree = "<group>"; };
		D7579FC729B031E500399BCB /* Aganè 65 (Bold).ttf */ = {isa = PBXFileReference; lastKnownFileType = file; path = "Aganè 65 (Bold).ttf"; sourceTree = "<group>"; };
		D7579FC829B031E500399BCB /* Aganè 65 (Bold) sign.ttf */ = {isa = PBXFileReference; lastKnownFileType = file; path = "Aganè 65 (Bold) sign.ttf"; sourceTree = "<group>"; };
		D7579FC929B031E500399BCB /* Aganè 55 (roman).ttf */ = {isa = PBXFileReference; lastKnownFileType = file; path = "Aganè 55 (roman).ttf"; sourceTree = "<group>"; };
		D7579FCA29B031E500399BCB /* Aganè 55 (roman) sign.ttf */ = {isa = PBXFileReference; lastKnownFileType = file; path = "Aganè 55 (roman) sign.ttf"; sourceTree = "<group>"; };
		D7579FCB29B031E500399BCB /* Aganè 75 (Extra Bold).ttf */ = {isa = PBXFileReference; lastKnownFileType = file; path = "Aganè 75 (Extra Bold).ttf"; sourceTree = "<group>"; };
		D7AA92CF2981FE4500FCE383 /* idm362-bl629.app */ = {isa = PBXFileReference; explicitFileType = wrapper.application; includeInIndex = 0; path = "idm362-bl629.app"; sourceTree = BUILT_PRODUCTS_DIR; };
		D7AA92D22981FE4500FCE383 /* AppDelegate.swift */ = {isa = PBXFileReference; lastKnownFileType = sourcecode.swift; path = AppDelegate.swift; sourceTree = "<group>"; };
		D7AA92D42981FE4500FCE383 /* SceneDelegate.swift */ = {isa = PBXFileReference; lastKnownFileType = sourcecode.swift; path = SceneDelegate.swift; sourceTree = "<group>"; };
		D7AA92D62981FE4500FCE383 /* ViewController.swift */ = {isa = PBXFileReference; lastKnownFileType = sourcecode.swift; path = ViewController.swift; sourceTree = "<group>"; };
		D7AA92D92981FE4500FCE383 /* Base */ = {isa = PBXFileReference; lastKnownFileType = file.storyboard; name = Base; path = Base.lproj/Main.storyboard; sourceTree = "<group>"; };
		D7AA92DB2981FE4700FCE383 /* Assets.xcassets */ = {isa = PBXFileReference; lastKnownFileType = folder.assetcatalog; path = Assets.xcassets; sourceTree = "<group>"; };
		D7AA92DE2981FE4700FCE383 /* Base */ = {isa = PBXFileReference; lastKnownFileType = file.storyboard; name = Base; path = Base.lproj/LaunchScreen.storyboard; sourceTree = "<group>"; };
		D7AA92E02981FE4700FCE383 /* Info.plist */ = {isa = PBXFileReference; lastKnownFileType = text.plist.xml; path = Info.plist; sourceTree = "<group>"; };
/* End PBXFileReference section */

/* Begin PBXFrameworksBuildPhase section */
		D7AA92CC2981FE4500FCE383 /* Frameworks */ = {
			isa = PBXFrameworksBuildPhase;
			buildActionMask = 2147483647;
			files = (
			);
			runOnlyForDeploymentPostprocessing = 0;
		};
/* End PBXFrameworksBuildPhase section */

/* Begin PBXGroup section */
		D7579FC329B031E500399BCB /* fonts */ = {
			isa = PBXGroup;
			children = (
				D7579FC429B031E500399BCB /* Freeware License.txt */,
				D7579FC529B031E500399BCB /* Aganè 45 (light).ttf */,
				D7579FC629B031E500399BCB /* Aganè 75 (Extra Bold) sign.ttf */,
				D7579FC729B031E500399BCB /* Aganè 65 (Bold).ttf */,
				D7579FC829B031E500399BCB /* Aganè 65 (Bold) sign.ttf */,
				D7579FC929B031E500399BCB /* Aganè 55 (roman).ttf */,
				D7579FCA29B031E500399BCB /* Aganè 55 (roman) sign.ttf */,
				D7579FCB29B031E500399BCB /* Aganè 75 (Extra Bold).ttf */,
			);
			path = fonts;
			sourceTree = "<group>";
		};
		D7AA92C62981FE4500FCE383 = {
			isa = PBXGroup;
			children = (
				D7AA92D12981FE4500FCE383 /* idm362-bl629 */,
				D7AA92D02981FE4500FCE383 /* Products */,
			);
			sourceTree = "<group>";
		};
		D7AA92D02981FE4500FCE383 /* Products */ = {
			isa = PBXGroup;
			children = (
				D7AA92CF2981FE4500FCE383 /* idm362-bl629.app */,
			);
			name = Products;
			sourceTree = "<group>";
		};
		D7AA92D12981FE4500FCE383 /* idm362-bl629 */ = {
			isa = PBXGroup;
			children = (
				D7AA92D22981FE4500FCE383 /* AppDelegate.swift */,
				D7AA92D42981FE4500FCE383 /* SceneDelegate.swift */,
				D7AA92D62981FE4500FCE383 /* ViewController.swift */,
				D7AA92D82981FE4500FCE383 /* Main.storyboard */,
				D7579FC129AFEAD000399BCB /* ViewControllerMain.swift */,
				D7AA92DB2981FE4700FCE383 /* Assets.xcassets */,
				D7AA92DD2981FE4700FCE383 /* LaunchScreen.storyboard */,
				D7AA92E02981FE4700FCE383 /* Info.plist */,
				D7579FC329B031E500399BCB /* fonts */,
			);
			path = "idm362-bl629";
			sourceTree = "<group>";
		};
/* End PBXGroup section */

/* Begin PBXNativeTarget section */
		D7AA92CE2981FE4500FCE383 /* idm362-bl629 */ = {
			isa = PBXNativeTarget;
			buildConfigurationList = D7AA92E32981FE4700FCE383 /* Build configuration list for PBXNativeTarget "idm362-bl629" */;
			buildPhases = (
				D7AA92CB2981FE4500FCE383 /* Sources */,
				D7AA92CC2981FE4500FCE383 /* Frameworks */,
				D7AA92CD2981FE4500FCE383 /* Resources */,
			);
			buildRules = (
			);
			dependencies = (
			);
			name = "idm362-bl629";
			productName = "idm362-bl629";
			productReference = D7AA92CF2981FE4500FCE383 /* idm362-bl629.app */;
			productType = "com.apple.product-type.application";
		};
/* End PBXNativeTarget section */

/* Begin PBXProject section */
		D7AA92C72981FE4500FCE383 /* Project object */ = {
			isa = PBXProject;
			attributes = {
				BuildIndependentTargetsInParallel = 1;
				LastSwiftUpdateCheck = 1420;
				LastUpgradeCheck = 1420;
				TargetAttributes = {
					D7AA92CE2981FE4500FCE383 = {
						CreatedOnToolsVersion = 14.2;
					};
				};
			};
			buildConfigurationList = D7AA92CA2981FE4500FCE383 /* Build configuration list for PBXProject "LoudFriends" */;
			compatibilityVersion = "Xcode 14.0";
			developmentRegion = en;
			hasScannedForEncodings = 0;
			knownRegions = (
				en,
				Base,
			);
			mainGroup = D7AA92C62981FE4500FCE383;
			productRefGroup = D7AA92D02981FE4500FCE383 /* Products */;
			projectDirPath = "";
			projectRoot = "";
			targets = (
				D7AA92CE2981FE4500FCE383 /* idm362-bl629 */,
			);
		};
/* End PBXProject section */

/* Begin PBXResourcesBuildPhase section */
		D7AA92CD2981FE4500FCE383 /* Resources */ = {
			isa = PBXResourcesBuildPhase;
			buildActionMask = 2147483647;
			files = (
				D7579FD329B031E600399BCB /* Aganè 75 (Extra Bold).ttf in Resources */,
				D7579FCE29B031E600399BCB /* Aganè 75 (Extra Bold) sign.ttf in Resources */,
				D7AA92DF2981FE4700FCE383 /* LaunchScreen.storyboard in Resources */,
				D7579FCF29B031E600399BCB /* Aganè 65 (Bold).ttf in Resources */,
				D7579FD129B031E600399BCB /* Aganè 55 (roman).ttf in Resources */,
				D7579FCD29B031E600399BCB /* Aganè 45 (light).ttf in Resources */,
				D7AA92DC2981FE4700FCE383 /* Assets.xcassets in Resources */,
				D7579FCC29B031E500399BCB /* Freeware License.txt in Resources */,
				D7AA92DA2981FE4500FCE383 /* Main.storyboard in Resources */,
				D7579FD029B031E600399BCB /* Aganè 65 (Bold) sign.ttf in Resources */,
				D7579FD229B031E600399BCB /* Aganè 55 (roman) sign.ttf in Resources */,
			);
			runOnlyForDeploymentPostprocessing = 0;
		};
/* End PBXResourcesBuildPhase section */

/* Begin PBXSourcesBuildPhase section */
		D7AA92CB2981FE4500FCE383 /* Sources */ = {
			isa = PBXSourcesBuildPhase;
			buildActionMask = 2147483647;
			files = (
				D7AA92D72981FE4500FCE383 /* ViewController.swift in Sources */,
				D7AA92D32981FE4500FCE383 /* AppDelegate.swift in Sources */,
				D7AA92D52981FE4500FCE383 /* SceneDelegate.swift in Sources */,
				D7579FC229AFEAD000399BCB /* ViewControllerMain.swift in Sources */,
			);
			runOnlyForDeploymentPostprocessing = 0;
		};
/* End PBXSourcesBuildPhase section */

/* Begin PBXVariantGroup section */
		D7AA92D82981FE4500FCE383 /* Main.storyboard */ = {
			isa = PBXVariantGroup;
			children = (
				D7AA92D92981FE4500FCE383 /* Base */,
			);
			name = Main.storyboard;
			sourceTree = "<group>";
		};
		D7AA92DD2981FE4700FCE383 /* LaunchScreen.storyboard */ = {
			isa = PBXVariantGroup;
			children = (
				D7AA92DE2981FE4700FCE383 /* Base */,
			);
			name = LaunchScreen.storyboard;
			sourceTree = "<group>";
		};
/* End PBXVariantGroup section */

/* Begin XCBuildConfiguration section */
		D7AA92E12981FE4700FCE383 /* Debug */ = {
			isa = XCBuildConfiguration;
			buildSettings = {
				ALWAYS_SEARCH_USER_PATHS = NO;
				CLANG_ANALYZER_NONNULL = YES;
				CLANG_ANALYZER_NUMBER_OBJECT_CONVERSION = YES_AGGRESSIVE;
				CLANG_CXX_LANGUAGE_STANDARD = "gnu++20";
				CLANG_ENABLE_MODULES = YES;
				CLANG_ENABLE_OBJC_ARC = YES;
				CLANG_ENABLE_OBJC_WEAK = YES;
				CLANG_WARN_BLOCK_CAPTURE_AUTORELEASING = YES;
				CLANG_WARN_BOOL_CONVERSION = YES;
				CLANG_WARN_COMMA = YES;
				CLANG_WARN_CONSTANT_CONVERSION = YES;
				CLANG_WARN_DEPRECATED_OBJC_IMPLEMENTATIONS = YES;
				CLANG_WARN_DIRECT_OBJC_ISA_USAGE = YES_ERROR;
				CLANG_WARN_DOCUMENTATION_COMMENTS = YES;
				CLANG_WARN_EMPTY_BODY = YES;
				CLANG_WARN_ENUM_CONVERSION = YES;
				CLANG_WARN_INFINITE_RECURSION = YES;
				CLANG_WARN_INT_CONVERSION = YES;
				CLANG_WARN_NON_LITERAL_NULL_CONVERSION = YES;
				CLANG_WARN_OBJC_IMPLICIT_RETAIN_SELF = YES;
				CLANG_WARN_OBJC_LITERAL_CONVERSION = YES;
				CLANG_WARN_OBJC_ROOT_CLASS = YES_ERROR;
				CLANG_WARN_QUOTED_INCLUDE_IN_FRAMEWORK_HEADER = YES;
				CLANG_WARN_RANGE_LOOP_ANALYSIS = YES;
				CLANG_WARN_STRICT_PROTOTYPES = YES;
				CLANG_WARN_SUSPICIOUS_MOVE = YES;
				CLANG_WARN_UNGUARDED_AVAILABILITY = YES_AGGRESSIVE;
				CLANG_WARN_UNREACHABLE_CODE = YES;
				CLANG_WARN__DUPLICATE_METHOD_MATCH = YES;
				COPY_PHASE_STRIP = NO;
				DEBUG_INFORMATION_FORMAT = dwarf;
				ENABLE_STRICT_OBJC_MSGSEND = YES;
				ENABLE_TESTABILITY = YES;
				GCC_C_LANGUAGE_STANDARD = gnu11;
				GCC_DYNAMIC_NO_PIC = NO;
				GCC_NO_COMMON_BLOCKS = YES;
				GCC_OPTIMIZATION_LEVEL = 0;
				GCC_PREPROCESSOR_DEFINITIONS = (
					"DEBUG=1",
					"$(inherited)",
				);
				GCC_WARN_64_TO_32_BIT_CONVERSION = YES;
				GCC_WARN_ABOUT_RETURN_TYPE = YES_ERROR;
				GCC_WARN_UNDECLARED_SELECTOR = YES;
				GCC_WARN_UNINITIALIZED_AUTOS = YES_AGGRESSIVE;
				GCC_WARN_UNUSED_FUNCTION = YES;
				GCC_WARN_UNUSED_VARIABLE = YES;
				IPHONEOS_DEPLOYMENT_TARGET = 16.2;
				MTL_ENABLE_DEBUG_INFO = INCLUDE_SOURCE;
				MTL_FAST_MATH = YES;
				ONLY_ACTIVE_ARCH = YES;
				SDKROOT = iphoneos;
				SWIFT_ACTIVE_COMPILATION_CONDITIONS = DEBUG;
				SWIFT_OPTIMIZATION_LEVEL = "-Onone";
			};
			name = Debug;
		};
		D7AA92E22981FE4700FCE383 /* Release */ = {
			isa = XCBuildConfiguration;
			buildSettings = {
				ALWAYS_SEARCH_USER_PATHS = NO;
				CLANG_ANALYZER_NONNULL = YES;
				CLANG_ANALYZER_NUMBER_OBJECT_CONVERSION = YES_AGGRESSIVE;
				CLANG_CXX_LANGUAGE_STANDARD = "gnu++20";
				CLANG_ENABLE_MODULES = YES;
				CLANG_ENABLE_OBJC_ARC = YES;
				CLANG_ENABLE_OBJC_WEAK = YES;
				CLANG_WARN_BLOCK_CAPTURE_AUTORELEASING = YES;
				CLANG_WARN_BOOL_CONVERSION = YES;
				CLANG_WARN_COMMA = YES;
				CLANG_WARN_CONSTANT_CONVERSION = YES;
				CLANG_WARN_DEPRECATED_OBJC_IMPLEMENTATIONS = YES;
				CLANG_WARN_DIRECT_OBJC_ISA_USAGE = YES_ERROR;
				CLANG_WARN_DOCUMENTATION_COMMENTS = YES;
				CLANG_WARN_EMPTY_BODY = YES;
				CLANG_WARN_ENUM_CONVERSION = YES;
				CLANG_WARN_INFINITE_RECURSION = YES;
				CLANG_WARN_INT_CONVERSION = YES;
				CLANG_WARN_NON_LITERAL_NULL_CONVERSION = YES;
				CLANG_WARN_OBJC_IMPLICIT_RETAIN_SELF = YES;
				CLANG_WARN_OBJC_LITERAL_CONVERSION = YES;
				CLANG_WARN_OBJC_ROOT_CLASS = YES_ERROR;
				CLANG_WARN_QUOTED_INCLUDE_IN_FRAMEWORK_HEADER = YES;
				CLANG_WARN_RANGE_LOOP_ANALYSIS = YES;
				CLANG_WARN_STRICT_PROTOTYPES = YES;
				CLANG_WARN_SUSPICIOUS_MOVE = YES;
				CLANG_WARN_UNGUARDED_AVAILABILITY = YES_AGGRESSIVE;
				CLANG_WARN_UNREACHABLE_CODE = YES;
				CLANG_WARN__DUPLICATE_METHOD_MATCH = YES;
				COPY_PHASE_STRIP = NO;
				DEBUG_INFORMATION_FORMAT = "dwarf-with-dsym";
				ENABLE_NS_ASSERTIONS = NO;
				ENABLE_STRICT_OBJC_MSGSEND = YES;
				GCC_C_LANGUAGE_STANDARD = gnu11;
				GCC_NO_COMMON_BLOCKS = YES;
				GCC_WARN_64_TO_32_BIT_CONVERSION = YES;
				GCC_WARN_ABOUT_RETURN_TYPE = YES_ERROR;
				GCC_WARN_UNDECLARED_SELECTOR = YES;
				GCC_WARN_UNINITIALIZED_AUTOS = YES_AGGRESSIVE;
				GCC_WARN_UNUSED_FUNCTION = YES;
				GCC_WARN_UNUSED_VARIABLE = YES;
				IPHONEOS_DEPLOYMENT_TARGET = 16.2;
				MTL_ENABLE_DEBUG_INFO = NO;
				MTL_FAST_MATH = YES;
				SDKROOT = iphoneos;
				SWIFT_COMPILATION_MODE = wholemodule;
				SWIFT_OPTIMIZATION_LEVEL = "-O";
				VALIDATE_PRODUCT = YES;
			};
			name = Release;
		};
		D7AA92E42981FE4700FCE383 /* Debug */ = {
			isa = XCBuildConfiguration;
			buildSettings = {
				ASSETCATALOG_COMPILER_APPICON_NAME = AppIcon;
				ASSETCATALOG_COMPILER_GLOBAL_ACCENT_COLOR_NAME = AccentColor;
				CODE_SIGN_STYLE = Automatic;
				CURRENT_PROJECT_VERSION = 1;
				GENERATE_INFOPLIST_FILE = YES;
				INFOPLIST_FILE = "idm362-bl629/Info.plist";
				INFOPLIST_KEY_CFBundleDisplayName = PokeSounds;
				INFOPLIST_KEY_UIApplicationSupportsIndirectInputEvents = YES;
				INFOPLIST_KEY_UILaunchStoryboardName = LaunchScreen;
				INFOPLIST_KEY_UIMainStoryboardFile = Main;
				INFOPLIST_KEY_UISupportedInterfaceOrientations = UIInterfaceOrientationPortrait;
				LD_RUNPATH_SEARCH_PATHS = (
					"$(inherited)",
					"@executable_path/Frameworks",
				);
				MARKETING_VERSION = 1.0;
				PRODUCT_BUNDLE_IDENTIFIER = "com.bludevdesign.idm362-bl629";
				PRODUCT_NAME = "$(TARGET_NAME)";
				SWIFT_EMIT_LOC_STRINGS = YES;
				SWIFT_VERSION = 5.0;
				TARGETED_DEVICE_FAMILY = "1,2";
			};
			name = Debug;
		};
		D7AA92E52981FE4700FCE383 /* Release */ = {
			isa = XCBuildConfiguration;
			buildSettings = {
				ASSETCATALOG_COMPILER_APPICON_NAME = AppIcon;
				ASSETCATALOG_COMPILER_GLOBAL_ACCENT_COLOR_NAME = AccentColor;
				CODE_SIGN_STYLE = Automatic;
				CURRENT_PROJECT_VERSION = 1;
				GENERATE_INFOPLIST_FILE = YES;
				INFOPLIST_FILE = "idm362-bl629/Info.plist";
				INFOPLIST_KEY_CFBundleDisplayName = PokeSounds;
				INFOPLIST_KEY_UIApplicationSupportsIndirectInputEvents = YES;
				INFOPLIST_KEY_UILaunchStoryboardName = LaunchScreen;
				INFOPLIST_KEY_UIMainStoryboardFile = Main;
				INFOPLIST_KEY_UISupportedInterfaceOrientations = UIInterfaceOrientationPortrait;
				LD_RUNPATH_SEARCH_PATHS = (
					"$(inherited)",
					"@executable_path/Frameworks",
				);
				MARKETING_VERSION = 1.0;
				PRODUCT_BUNDLE_IDENTIFIER = "com.bludevdesign.idm362-bl629";
				PRODUCT_NAME = "$(TARGET_NAME)";
				SWIFT_EMIT_LOC_STRINGS = YES;
				SWIFT_VERSION = 5.0;
				TARGETED_DEVICE_FAMILY = "1,2";
			};
			name = Release;
		};
/* End XCBuildConfiguration section */

/* Begin XCConfigurationList section */
		D7AA92CA2981FE4500FCE383 /* Build configuration list for PBXProject "LoudFriends" */ = {
			isa = XCConfigurationList;
			buildConfigurations = (
				D7AA92E12981FE4700FCE383 /* Debug */,
				D7AA92E22981FE4700FCE383 /* Release */,
			);
			defaultConfigurationIsVisible = 0;
			defaultConfigurationName = Release;
		};
		D7AA92E32981FE4700FCE383 /* Build configuration list for PBXNativeTarget "idm362-bl629" */ = {
			isa = XCConfigurationList;
			buildConfigurations = (
				D7AA92E42981FE4700FCE383 /* Debug */,
				D7AA92E52981FE4700FCE383 /* Release */,
			);
			defaultConfigurationIsVisible = 0;
			defaultConfigurationName = Release;
		};
/* End XCConfigurationList section */
	};
	rootObject = D7AA92C72981FE4500FCE383 /* Project object */;
}
